Microsoft Visual Studio Solution File, Format Version 12.00
# Visual Studio Version 17
VisualStudioVersion = 17.5.2.0
MinimumVisualStudioVersion = 10.0.40219.1
Project("{FAE04EC0-301F-11D3-BF4B-00C04F79EFBC}") = "file-editor", "file-editor.csproj", "{12056ACF-5946-6332-CC9C-E1C4061B74A7}"
EndProject
Global
	GlobalSection(SolutionConfigurationPlatforms) = preSolution
		Debug|Any CPU = Debug|Any CPU
		Release|Any CPU = Release|Any CPU
	EndGlobalSection
	GlobalSection(ProjectConfigurationPlatforms) = postSolution
		{12056ACF-5946-6332-CC9C-E1C4061B74A7}.Debug|Any CPU.ActiveCfg = Debug|Any CPU
		{12056ACF-5946-6332-CC9C-E1C4061B74A7}.Debug|Any CPU.Build.0 = Debug|Any CPU
		{12056ACF-5946-6332-CC9C-E1C4061B74A7}.Release|Any CPU.ActiveCfg = Release|Any CPU
		{12056ACF-5946-6332-CC9C-E1C4061B74A7}.Release|Any CPU.Build.0 = Release|Any CPU
	EndGlobalSection
	GlobalSection(SolutionProperties) = preSolution
		HideSolutionNode = FALSE
	EndGlobalSection
	GlobalSection(ExtensibilityGlobals) = postSolution
		SolutionGuid = {E7E7E99F-DBA1-41E4-AECC-EC91A7DBF288}
	EndGlobalSection
EndGlobal
